
Microsoft Visual Studio Solution File, Format Version 12.00
# Visual Studio Version 17
VisualStudioVersion = 17.6.33829.357
MinimumVisualStudioVersion = 10.0.40219.1
Project("{FAE04EC0-301F-11D3-BF4B-00C04F79EFBC}") = "Project", "Project\Project.csproj", "{91CCFC3F-8313-4F32-B00C-CC909F6C6792}"
EndProject
Global
	GlobalSection(SolutionConfigurationPlatforms) = preSolution
		Debug|Any CPU = Debug|Any CPU
		Release|Any CPU = Release|Any CPU
	EndGlobalSection
	GlobalSection(ProjectConfigurationPlatforms) = postSolution
		{91CCFC3F-8313-4F32-B00C-CC909F6C6792}.Debug|Any CPU.ActiveCfg = Debug|Any CPU
		{91CCFC3F-8313-4F32-B00C-CC909F6C6792}.Debug|Any CPU.Build.0 = Debug|Any CPU
		{91CCFC3F-8313-4F32-B00C-CC909F6C6792}.Release|Any CPU.ActiveCfg = Release|Any CPU
		{91CCFC3F-8313-4F32-B00C-CC909F6C6792}.Release|Any CPU.Build.0 = Release|Any CPU
	EndGlobalSection
	GlobalSection(SolutionProperties) = preSolution
		HideSolutionNode = FALSE
	EndGlobalSection
	GlobalSection(ExtensibilityGlobals) = postSolution
		SolutionGuid = {CF987FDB-18C7-46A3-9089-72CB6AA71949}
	EndGlobalSection
EndGlobal
